
Microsoft Visual Studio Solution File, Format Version 12.00
# Visual Studio Version 16
VisualStudioVersion = 16.0.29806.167
MinimumVisualStudioVersion = 10.0.40219.1
Project("{9A19103F-16F7-4668-BE54-9A1E7A4F7556}") = "EvansEnterprise", "EvansEnterprise\EvansEnterprise.csproj", "{E89162E1-60AD-4341-A90E-F855D402B307}"
EndProject
Project("{9A19103F-16F7-4668-BE54-9A1E7A4F7556}") = "EvansEnterprise.NUnitTest", "EvansEnterprise.NUnitTest\EvansEnterprise.NUnitTest.csproj", "{CC94DCCC-5D42-4601-8C32-070F34B3C019}"
EndProject
Project("{9A19103F-16F7-4668-BE54-9A1E7A4F7556}") = "EvansEnterprise.gRPCService", "EvansEnterprise.gRPCService\EvansEnterprise.gRPCService.csproj", "{9C86B5E6-8A9A-4F83-84A8-F4CE8AF5C7E3}"
EndProject
Global
	GlobalSection(SolutionConfigurationPlatforms) = preSolution
		Debug|Any CPU = Debug|Any CPU
		Release|Any CPU = Release|Any CPU
	EndGlobalSection
	GlobalSection(ProjectConfigurationPlatforms) = postSolution
		{E89162E1-60AD-4341-A90E-F855D402B307}.Debug|Any CPU.ActiveCfg = Debug|Any CPU
		{E89162E1-60AD-4341-A90E-F855D402B307}.Debug|Any CPU.Build.0 = Debug|Any CPU
		{E89162E1-60AD-4341-A90E-F855D402B307}.Release|Any CPU.ActiveCfg = Release|Any CPU
		{E89162E1-60AD-4341-A90E-F855D402B307}.Release|Any CPU.Build.0 = Release|Any CPU
		{CC94DCCC-5D42-4601-8C32-070F34B3C019}.Debug|Any CPU.ActiveCfg = Debug|Any CPU
		{CC94DCCC-5D42-4601-8C32-070F34B3C019}.Debug|Any CPU.Build.0 = Debug|Any CPU
		{CC94DCCC-5D42-4601-8C32-070F34B3C019}.Release|Any CPU.ActiveCfg = Release|Any CPU
		{CC94DCCC-5D42-4601-8C32-070F34B3C019}.Release|Any CPU.Build.0 = Release|Any CPU
		{9C86B5E6-8A9A-4F83-84A8-F4CE8AF5C7E3}.Debug|Any CPU.ActiveCfg = Debug|Any CPU
		{9C86B5E6-8A9A-4F83-84A8-F4CE8AF5C7E3}.Debug|Any CPU.Build.0 = Debug|Any CPU
		{9C86B5E6-8A9A-4F83-84A8-F4CE8AF5C7E3}.Release|Any CPU.ActiveCfg = Release|Any CPU
		{9C86B5E6-8A9A-4F83-84A8-F4CE8AF5C7E3}.Release|Any CPU.Build.0 = Release|Any CPU
	EndGlobalSection
	GlobalSection(SolutionProperties) = preSolution
		HideSolutionNode = FALSE
	EndGlobalSection
	GlobalSection(ExtensibilityGlobals) = postSolution
		SolutionGuid = {743620F2-2161-4ABB-A70D-6726645221D6}
	EndGlobalSection
EndGlobal
