
Microsoft Visual Studio Solution File, Format Version 12.00
# Visual Studio Version 16
VisualStudioVersion = 16.0.31515.178
MinimumVisualStudioVersion = 10.0.40219.1
Project("{9A19103F-16F7-4668-BE54-9A1E7A4F7556}") = "EvansEnterprise.gRPCService", "EvansEnterprise.gRPCService.csproj", "{E57B5E7A-04A1-4233-8413-89A995435C5E}"
EndProject
Global
	GlobalSection(SolutionConfigurationPlatforms) = preSolution
		Debug|Any CPU = Debug|Any CPU
		Release|Any CPU = Release|Any CPU
	EndGlobalSection
	GlobalSection(ProjectConfigurationPlatforms) = postSolution
		{E57B5E7A-04A1-4233-8413-89A995435C5E}.Debug|Any CPU.ActiveCfg = Debug|Any CPU
		{E57B5E7A-04A1-4233-8413-89A995435C5E}.Debug|Any CPU.Build.0 = Debug|Any CPU
		{E57B5E7A-04A1-4233-8413-89A995435C5E}.Release|Any CPU.ActiveCfg = Release|Any CPU
		{E57B5E7A-04A1-4233-8413-89A995435C5E}.Release|Any CPU.Build.0 = Release|Any CPU
	EndGlobalSection
	GlobalSection(SolutionProperties) = preSolution
		HideSolutionNode = FALSE
	EndGlobalSection
	GlobalSection(ExtensibilityGlobals) = postSolution
		SolutionGuid = {18C5D501-9191-4152-B40C-64F4EDE3A3A8}
	EndGlobalSection
EndGlobal
